// !$*UTF8*$!
{
	archiveVersion = 1;
	classes = {
	};
	objectVersion = 48;
	objects = {

/* Begin PBXBuildFile section */
		C30CF8501F99BDD100EC8153 /* AppDelegate.swift in Sources */ = {isa = PBXBuildFile; fileRef = C30CF84F1F99BDD100EC8153 /* AppDelegate.swift */; };
		C30CF8521F99BDD100EC8153 /* ViewController.swift in Sources */ = {isa = PBXBuildFile; fileRef = C30CF8511F99BDD100EC8153 /* ViewController.swift */; };
		C30CF8551F99BDD100EC8153 /* Main.storyboard in Resources */ = {isa = PBXBuildFile; fileRef = C30CF8531F99BDD100EC8153 /* Main.storyboard */; };
		C30CF8571F99BDD100EC8153 /* Assets.xcassets in Resources */ = {isa = PBXBuildFile; fileRef = C30CF8561F99BDD100EC8153 /* Assets.xcassets */; };
		C30CF85A1F99BDD100EC8153 /* LaunchScreen.storyboard in Resources */ = {isa = PBXBuildFile; fileRef = C30CF8581F99BDD100EC8153 /* LaunchScreen.storyboard */; };
		C30CF8631F99BE1000EC8153 /* TableViewCell.swift in Sources */ = {isa = PBXBuildFile; fileRef = C30CF8611F99BE1000EC8153 /* TableViewCell.swift */; };
		C30CF8641F99BE1000EC8153 /* TableViewCell.xib in Resources */ = {isa = PBXBuildFile; fileRef = C30CF8621F99BE1000EC8153 /* TableViewCell.xib */; };
/* End PBXBuildFile section */

/* Begin PBXFileReference section */
		C30CF84C1F99BDD100EC8153 /* xibfile.app */ = {isa = PBXFileReference; explicitFileType = wrapper.application; includeInIndex = 0; path = xibfile.app; sourceTree = BUILT_PRODUCTS_DIR; };
		C30CF84F1F99BDD100EC8153 /* AppDelegate.swift */ = {isa = PBXFileReference; lastKnownFileType = sourcecode.swift; path = AppDelegate.swift; sourceTree = "<group>"; };
		C30CF8511F99BDD100EC8153 /* ViewController.swift */ = {isa = PBXFileReference; lastKnownFileType = sourcecode.swift; path = ViewController.swift; sourceTree = "<group>"; };
		C30CF8541F99BDD100EC8153 /* Base */ = {isa = PBXFileReference; lastKnownFileType = file.storyboard; name = Base; path = Base.lproj/Main.storyboard; sourceTree = "<group>"; };
		C30CF8561F99BDD100EC8153 /* Assets.xcassets */ = {isa = PBXFileReference; lastKnownFileType = folder.assetcatalog; path = Assets.xcassets; sourceTree = "<group>"; };
		C30CF8591F99BDD100EC8153 /* Base */ = {isa = PBXFileReference; lastKnownFileType = file.storyboard; name = Base; path = Base.lproj/LaunchScreen.storyboard; sourceTree = "<group>"; };
		C30CF85B1F99BDD100EC8153 /* Info.plist */ = {isa = PBXFileReference; lastKnownFileType = text.plist.xml; path = Info.plist; sourceTree = "<group>"; };
		C30CF8611F99BE1000EC8153 /* TableViewCell.swift */ = {isa = PBXFileReference; lastKnownFileType = sourcecode.swift; path = TableViewCell.swift; sourceTree = "<group>"; };
		C30CF8621F99BE1000EC8153 /* TableViewCell.xib */ = {isa = PBXFileReference; lastKnownFileType = file.xib; path = TableViewCell.xib; sourceTree = "<group>"; };
/* End PBXFileReference section */

/* Begin PBXFrameworksBuildPhase section */
		C30CF8491F99BDD100EC8153 /* Frameworks */ = {
			isa = PBXFrameworksBuildPhase;
			buildActionMask = 2147483647;
			files = (
			);
			runOnlyForDeploymentPostprocessing = 0;
		};
/* End PBXFrameworksBuildPhase section */

/* Begin PBXGroup section */
		C30CF8431F99BDD100EC8153 = {
			isa = PBXGroup;
			children = (
				C30CF84E1F99BDD100EC8153 /* xibfile */,
				C30CF84D1F99BDD100EC8153 /* Products */,
			);
			sourceTree = "<group>";
		};
		C30CF84D1F99BDD100EC8153 /* Products */ = {
			isa = PBXGroup;
			children = (
				C30CF84C1F99BDD100EC8153 /* xibfile.app */,
			);
			name = Products;
			sourceTree = "<group>";
		};
		C30CF84E1F99BDD100EC8153 /* xibfile */ = {
			isa = PBXGroup;
			children = (
				C30CF84F1F99BDD100EC8153 /* AppDelegate.swift */,
				C30CF8511F99BDD100EC8153 /* ViewController.swift */,
				C30CF8531F99BDD100EC8153 /* Main.storyboard */,
				C30CF8561F99BDD100EC8153 /* Assets.xcassets */,
				C30CF8581F99BDD100EC8153 /* LaunchScreen.storyboard */,
				C30CF85B1F99BDD100EC8153 /* Info.plist */,
				C30CF8611F99BE1000EC8153 /* TableViewCell.swift */,
				C30CF8621F99BE1000EC8153 /* TableViewCell.xib */,
			);
			path = xibfile;
			sourceTree = "<group>";
		};
/* End PBXGroup section */

/* Begin PBXNativeTarget section */
		C30CF84B1F99BDD100EC8153 /* xibfile */ = {
			isa = PBXNativeTarget;
			buildConfigurationList = C30CF85E1F99BDD100EC8153 /* Build configuration list for PBXNativeTarget "xibfile" */;
			buildPhases = (
				C30CF8481F99BDD100EC8153 /* Sources */,
				C30CF8491F99BDD100EC8153 /* Frameworks */,
				C30CF84A1F99BDD100EC8153 /* Resources */,
			);
			buildRules = (
			);
			dependencies = (
			);
			name = xibfile;
			productName = xibfile;
			productReference = C30CF84C1F99BDD100EC8153 /* xibfile.app */;
			productType = "com.apple.product-type.application";
		};
/* End PBXNativeTarget section */

/* Begin PBXProject section */
		C30CF8441F99BDD100EC8153 /* Project object */ = {
			isa = PBXProject;
			attributes = {
				LastSwiftUpdateCheck = 0900;
				LastUpgradeCheck = 0900;
				ORGANIZATIONNAME = "Kyi Zar Theint";
				TargetAttributes = {
					C30CF84B1F99BDD100EC8153 = {
						CreatedOnToolsVersion = 9.0;
						ProvisioningStyle = Automatic;
					};
				};
			};
			buildConfigurationList = C30CF8471F99BDD100EC8153 /* Build configuration list for PBXProject "xibfile" */;
			compatibilityVersion = "Xcode 8.0";
			developmentRegion = en;
			hasScannedForEncodings = 0;
			knownRegions = (
				en,
				Base,
			);
			mainGroup = C30CF8431F99BDD100EC8153;
			productRefGroup = C30CF84D1F99BDD100EC8153 /* Products */;
			projectDirPath = "";
			projectRoot = "";
			targets = (
				C30CF84B1F99BDD100EC8153 /* xibfile */,
			);
		};
/* End PBXProject section */

/* Begin PBXResourcesBuildPhase section */
		C30CF84A1F99BDD100EC8153 /* Resources */ = {
			isa = PBXResourcesBuildPhase;
			buildActionMask = 2147483647;
			files = (
				C30CF85A1F99BDD100EC8153 /* LaunchScreen.storyboard in Resources */,
				C30CF8641F99BE1000EC8153 /* TableViewCell.xib in Resources */,
				C30CF8571F99BDD100EC8153 /* Assets.xcassets in Resources */,
				C30CF8551F99BDD100EC8153 /* Main.storyboard in Resources */,
			);
			runOnlyForDeploymentPostprocessing = 0;
		};
/* End PBXResourcesBuildPhase section */

/* Begin PBXSourcesBuildPhase section */
		C30CF8481F99BDD100EC8153 /* Sources */ = {
			isa = PBXSourcesBuildPhase;
			buildActionMask = 2147483647;
			files = (
				C30CF8631F99BE1000EC8153 /* TableViewCell.swift in Sources */,
				C30CF8521F99BDD100EC8153 /* ViewController.swift in Sources */,
				C30CF8501F99BDD100EC8153 /* AppDelegate.swift in Sources */,
			);
			runOnlyForDeploymentPostprocessing = 0;
		};
/* End PBXSourcesBuildPhase section */

/* Begin PBXVariantGroup section */
		C30CF8531F99BDD100EC8153 /* Main.storyboard */ = {
			isa = PBXVariantGroup;
			children = (
				C30CF8541F99BDD100EC8153 /* Base */,
			);
			name = Main.storyboard;
			sourceTree = "<group>";
		};
		C30CF8581F99BDD100EC8153 /* LaunchScreen.storyboard */ = {
			isa = PBXVariantGroup;
			children = (
				C30CF8591F99BDD100EC8153 /* Base */,
			);
			name = LaunchScreen.storyboard;
			sourceTree = "<group>";
		};
/* End PBXVariantGroup section */

/* Begin XCBuildConfiguration section */
		C30CF85C1F99BDD100EC8153 /* Debug */ = {
			isa = XCBuildConfiguration;
			buildSettings = {
				ALWAYS_SEARCH_USER_PATHS = NO;
				CLANG_ANALYZER_NONNULL = YES;
				CLANG_ANALYZER_NUMBER_OBJECT_CONVERSION = YES_AGGRESSIVE;
				CLANG_CXX_LANGUAGE_STANDARD = "gnu++14";
				CLANG_CXX_LIBRARY = "libc++";
				CLANG_ENABLE_MODULES = YES;
				CLANG_ENABLE_OBJC_ARC = YES;
				CLANG_WARN_BLOCK_CAPTURE_AUTORELEASING = YES;
				CLANG_WARN_BOOL_CONVERSION = YES;
				CLANG_WARN_COMMA = YES;
				CLANG_WARN_CONSTANT_CONVERSION = YES;
				CLANG_WARN_DIRECT_OBJC_ISA_USAGE = YES_ERROR;
				CLANG_WARN_DOCUMENTATION_COMMENTS = YES;
				CLANG_WARN_EMPTY_BODY = YES;
				CLANG_WARN_ENUM_CONVERSION = YES;
				CLANG_WARN_INFINITE_RECURSION = YES;
				CLANG_WARN_INT_CONVERSION = YES;
				CLANG_WARN_NON_LITERAL_NULL_CONVERSION = YES;
				CLANG_WARN_OBJC_LITERAL_CONVERSION = YES;
				CLANG_WARN_OBJC_ROOT_CLASS = YES_ERROR;
				CLANG_WARN_RANGE_LOOP_ANALYSIS = YES;
				CLANG_WARN_STRICT_PROTOTYPES = YES;
				CLANG_WARN_SUSPICIOUS_MOVE = YES;
				CLANG_WARN_UNGUARDED_AVAILABILITY = YES_AGGRESSIVE;
				CLANG_WARN_UNREACHABLE_CODE = YES;
				CLANG_WARN__DUPLICATE_METHOD_MATCH = YES;
				CODE_SIGN_IDENTITY = "iPhone Developer";
				COPY_PHASE_STRIP = NO;
				DEBUG_INFORMATION_FORMAT = dwarf;
				ENABLE_STRICT_OBJC_MSGSEND = YES;
				ENABLE_TESTABILITY = YES;
				GCC_C_LANGUAGE_STANDARD = gnu11;
				GCC_DYNAMIC_NO_PIC = NO;
				GCC_NO_COMMON_BLOCKS = YES;
				GCC_OPTIMIZATION_LEVEL = 0;
				GCC_PREPROCESSOR_DEFINITIONS = (
					"DEBUG=1",
					"$(inherited)",
				);
				GCC_WARN_64_TO_32_BIT_CONVERSION = YES;
				GCC_WARN_ABOUT_RETURN_TYPE = YES_ERROR;
				GCC_WARN_UNDECLARED_SELECTOR = YES;
				GCC_WARN_UNINITIALIZED_AUTOS = YES_AGGRESSIVE;
				GCC_WARN_UNUSED_FUNCTION = YES;
				GCC_WARN_UNUSED_VARIABLE = YES;
				IPHONEOS_DEPLOYMENT_TARGET = 11.0;
				MTL_ENABLE_DEBUG_INFO = YES;
				ONLY_ACTIVE_ARCH = YES;
				SDKROOT = iphoneos;
				SWIFT_ACTIVE_COMPILATION_CONDITIONS = DEBUG;
				SWIFT_OPTIMIZATION_LEVEL = "-Onone";
			};
			name = Debug;
		};
		C30CF85D1F99BDD100EC8153 /* Release */ = {
			isa = XCBuildConfiguration;
			buildSettings = {
				ALWAYS_SEARCH_USER_PATHS = NO;
				CLANG_ANALYZER_NONNULL = YES;
				CLANG_ANALYZER_NUMBER_OBJECT_CONVERSION = YES_AGGRESSIVE;
				CLANG_CXX_LANGUAGE_STANDARD = "gnu++14";
				CLANG_CXX_LIBRARY = "libc++";
				CLANG_ENABLE_MODULES = YES;
				CLANG_ENABLE_OBJC_ARC = YES;
				CLANG_WARN_BLOCK_CAPTURE_AUTORELEASING = YES;
				CLANG_WARN_BOOL_CONVERSION = YES;
				CLANG_WARN_COMMA = YES;
				CLANG_WARN_CONSTANT_CONVERSION = YES;
				CLANG_WARN_DIRECT_OBJC_ISA_USAGE = YES_ERROR;
				CLANG_WARN_DOCUMENTATION_COMMENTS = YES;
				CLANG_WARN_EMPTY_BODY = YES;
				CLANG_WARN_ENUM_CONVERSION = YES;
				CLANG_WARN_INFINITE_RECURSION = YES;
				CLANG_WARN_INT_CONVERSION = YES;
				CLANG_WARN_NON_LITERAL_NULL_CONVERSION = YES;
				CLANG_WARN_OBJC_LITERAL_CONVERSION = YES;
				CLANG_WARN_OBJC_ROOT_CLASS = YES_ERROR;
				CLANG_WARN_RANGE_LOOP_ANALYSIS = YES;
				CLANG_WARN_STRICT_PROTOTYPES = YES;
				CLANG_WARN_SUSPICIOUS_MOVE = YES;
				CLANG_WARN_UNGUARDED_AVAILABILITY = YES_AGGRESSIVE;
				CLANG_WARN_UNREACHABLE_CODE = YES;
				CLANG_WARN__DUPLICATE_METHOD_MATCH = YES;
				CODE_SIGN_IDENTITY = "iPhone Developer";
				COPY_PHASE_STRIP = NO;
				DEBUG_INFORMATION_FORMAT = "dwarf-with-dsym";
				ENABLE_NS_ASSERTIONS = NO;
				ENABLE_STRICT_OBJC_MSGSEND = YES;
				GCC_C_LANGUAGE_STANDARD = gnu11;
				GCC_NO_COMMON_BLOCKS = YES;
				GCC_WARN_64_TO_32_BIT_CONVERSION = YES;
				GCC_WARN_ABOUT_RETURN_TYPE = YES_ERROR;
				GCC_WARN_UNDECLARED_SELECTOR = YES;
				GCC_WARN_UNINITIALIZED_AUTOS = YES_AGGRESSIVE;
				GCC_WARN_UNUSED_FUNCTION = YES;
				GCC_WARN_UNUSED_VARIABLE = YES;
				IPHONEOS_DEPLOYMENT_TARGET = 11.0;
				MTL_ENABLE_DEBUG_INFO = NO;
				SDKROOT = iphoneos;
				SWIFT_OPTIMIZATION_LEVEL = "-Owholemodule";
				VALIDATE_PRODUCT = YES;
			};
			name = Release;
		};
		C30CF85F1F99BDD100EC8153 /* Debug */ = {
			isa = XCBuildConfiguration;
			buildSettings = {
				ASSETCATALOG_COMPILER_APPICON_NAME = AppIcon;
				CODE_SIGN_STYLE = Automatic;
				DEVELOPMENT_TEAM = R397SMDAA7;
				INFOPLIST_FILE = xibfile/Info.plist;
				LD_RUNPATH_SEARCH_PATHS = "$(inherited) @executable_path/Frameworks";
				PRODUCT_BUNDLE_IDENTIFIER = com.kyizar.xibfile;
				PRODUCT_NAME = "$(TARGET_NAME)";
				SWIFT_VERSION = 4.0;
				TARGETED_DEVICE_FAMILY = "1,2";
			};
			name = Debug;
		};
		C30CF8601F99BDD100EC8153 /* Release */ = {
			isa = XCBuildConfiguration;
			buildSettings = {
				ASSETCATALOG_COMPILER_APPICON_NAME = AppIcon;
				CODE_SIGN_STYLE = Automatic;
				DEVELOPMENT_TEAM = R397SMDAA7;
				INFOPLIST_FILE = xibfile/Info.plist;
				LD_RUNPATH_SEARCH_PATHS = "$(inherited) @executable_path/Frameworks";
				PRODUCT_BUNDLE_IDENTIFIER = com.kyizar.xibfile;
				PRODUCT_NAME = "$(TARGET_NAME)";
				SWIFT_VERSION = 4.0;
				TARGETED_DEVICE_FAMILY = "1,2";
			};
			name = Release;
		};
/* End XCBuildConfiguration section */

/* Begin XCConfigurationList section */
		C30CF8471F99BDD100EC8153 /* Build configuration list for PBXProject "xibfile" */ = {
			isa = XCConfigurationList;
			buildConfigurations = (
				C30CF85C1F99BDD100EC8153 /* Debug */,
				C30CF85D1F99BDD100EC8153 /* Release */,
			);
			defaultConfigurationIsVisible = 0;
			defaultConfigurationName = Release;
		};
		C30CF85E1F99BDD100EC8153 /* Build configuration list for PBXNativeTarget "xibfile" */ = {
			isa = XCConfigurationList;
			buildConfigurations = (
				C30CF85F1F99BDD100EC8153 /* Debug */,
				C30CF8601F99BDD100EC8153 /* Release */,
			);
			defaultConfigurationIsVisible = 0;
			defaultConfigurationName = Release;
		};
/* End XCConfigurationList section */
	};
	rootObject = C30CF8441F99BDD100EC8153 /* Project object */;
}
